
Microsoft Visual Studio Solution File, Format Version 12.00
# Visual Studio Version 17
VisualStudioVersion = 17.7.34031.279
MinimumVisualStudioVersion = 10.0.40219.1
Project("{FAE04EC0-301F-11D3-BF4B-00C04F79EFBC}") = "Iteration", "Iteration\Iteration.csproj", "{50E84D24-4A9D-487B-A7D2-099ED8AE158A}"
EndProject
Global
	GlobalSection(SolutionConfigurationPlatforms) = preSolution
		Debug|Any CPU = Debug|Any CPU
		Release|Any CPU = Release|Any CPU
	EndGlobalSection
	GlobalSection(ProjectConfigurationPlatforms) = postSolution
		{50E84D24-4A9D-487B-A7D2-099ED8AE158A}.Debug|Any CPU.ActiveCfg = Debug|Any CPU
		{50E84D24-4A9D-487B-A7D2-099ED8AE158A}.Debug|Any CPU.Build.0 = Debug|Any CPU
		{50E84D24-4A9D-487B-A7D2-099ED8AE158A}.Release|Any CPU.ActiveCfg = Release|Any CPU
		{50E84D24-4A9D-487B-A7D2-099ED8AE158A}.Release|Any CPU.Build.0 = Release|Any CPU
	EndGlobalSection
	GlobalSection(SolutionProperties) = preSolution
		HideSolutionNode = FALSE
	EndGlobalSection
	GlobalSection(ExtensibilityGlobals) = postSolution
		SolutionGuid = {225ABE9E-7DF0-4184-8F30-B5539141DFE8}
	EndGlobalSection
EndGlobal
