
Microsoft Visual Studio Solution File, Format Version 12.00
# Visual Studio Version 17
VisualStudioVersion = 17.8.34309.116
MinimumVisualStudioVersion = 10.0.40219.1
Project("{FAE04EC0-301F-11D3-BF4B-00C04F79EFBC}") = "Wifi.Playlist.FormsUI", "Wifi.Playlist.FormsUI\Wifi.Playlist.FormsUI.csproj", "{2F4976A0-0F90-4D65-BDCC-E88E703ADF51}"
EndProject
Project("{FAE04EC0-301F-11D3-BF4B-00C04F79EFBC}") = "Wifi.Playlist.CoreTypes", "Wifi.Playlist.CoreTypes\Wifi.Playlist.CoreTypes.csproj", "{2B22F812-1B16-4AE4-B76A-50A329264BEA}"
EndProject
Project("{FAE04EC0-301F-11D3-BF4B-00C04F79EFBC}") = "Wifi.Playlist.Items", "Wifi.Playlist.Items\Wifi.Playlist.Items.csproj", "{5301F5CE-193B-491E-8C8A-91AAC936309B}"
EndProject
Project("{FAE04EC0-301F-11D3-BF4B-00C04F79EFBC}") = "Wifi.Playlist.Repositories", "Wifi.Playlist.Repositories\Wifi.Playlist.Repositories.csproj", "{4CE85CA0-0A97-4C1F-B040-404B99E580A9}"
EndProject
Project("{FAE04EC0-301F-11D3-BF4B-00C04F79EFBC}") = "Wifi.Playlist.CoreTypes.Test", "Wifi.Playlist.CoreTypes.Test\Wifi.Playlist.CoreTypes.Test.csproj", "{785030B6-34AE-4C15-BDC5-2C54A849FC11}"
EndProject
Project("{FAE04EC0-301F-11D3-BF4B-00C04F79EFBC}") = "Wifi.Playlist.Items.Test", "Wifi.Playlist.Items.Test\Wifi.Playlist.Items.Test.csproj", "{D73C1616-FFA2-4205-8F7F-2D8716CA0EBB}"
EndProject
Project("{FAE04EC0-301F-11D3-BF4B-00C04F79EFBC}") = "Wifi.Playlist.Factories", "Wifi.Playlist.Factories\Wifi.Playlist.Factories.csproj", "{A6663FDE-95EE-4D81-8FE1-0BD8147D558E}"
EndProject
Project("{FAE04EC0-301F-11D3-BF4B-00C04F79EFBC}") = "Wifi.Playlist.WeatherExtension", "Wifi.Playlist.WeatherExtension\Wifi.Playlist.WeatherExtension.csproj", "{0316F2DF-675B-4B21-80F1-D75576001B98}"
EndProject
Global
	GlobalSection(SolutionConfigurationPlatforms) = preSolution
		Debug|Any CPU = Debug|Any CPU
		Release|Any CPU = Release|Any CPU
	EndGlobalSection
	GlobalSection(ProjectConfigurationPlatforms) = postSolution
		{2F4976A0-0F90-4D65-BDCC-E88E703ADF51}.Debug|Any CPU.ActiveCfg = Debug|Any CPU
		{2F4976A0-0F90-4D65-BDCC-E88E703ADF51}.Debug|Any CPU.Build.0 = Debug|Any CPU
		{2F4976A0-0F90-4D65-BDCC-E88E703ADF51}.Release|Any CPU.ActiveCfg = Release|Any CPU
		{2F4976A0-0F90-4D65-BDCC-E88E703ADF51}.Release|Any CPU.Build.0 = Release|Any CPU
		{2B22F812-1B16-4AE4-B76A-50A329264BEA}.Debug|Any CPU.ActiveCfg = Debug|Any CPU
		{2B22F812-1B16-4AE4-B76A-50A329264BEA}.Debug|Any CPU.Build.0 = Debug|Any CPU
		{2B22F812-1B16-4AE4-B76A-50A329264BEA}.Release|Any CPU.ActiveCfg = Release|Any CPU
		{2B22F812-1B16-4AE4-B76A-50A329264BEA}.Release|Any CPU.Build.0 = Release|Any CPU
		{5301F5CE-193B-491E-8C8A-91AAC936309B}.Debug|Any CPU.ActiveCfg = Debug|Any CPU
		{5301F5CE-193B-491E-8C8A-91AAC936309B}.Debug|Any CPU.Build.0 = Debug|Any CPU
		{5301F5CE-193B-491E-8C8A-91AAC936309B}.Release|Any CPU.ActiveCfg = Release|Any CPU
		{5301F5CE-193B-491E-8C8A-91AAC936309B}.Release|Any CPU.Build.0 = Release|Any CPU
		{4CE85CA0-0A97-4C1F-B040-404B99E580A9}.Debug|Any CPU.ActiveCfg = Debug|Any CPU
		{4CE85CA0-0A97-4C1F-B040-404B99E580A9}.Debug|Any CPU.Build.0 = Debug|Any CPU
		{4CE85CA0-0A97-4C1F-B040-404B99E580A9}.Release|Any CPU.ActiveCfg = Release|Any CPU
		{4CE85CA0-0A97-4C1F-B040-404B99E580A9}.Release|Any CPU.Build.0 = Release|Any CPU
		{785030B6-34AE-4C15-BDC5-2C54A849FC11}.Debug|Any CPU.ActiveCfg = Debug|Any CPU
		{785030B6-34AE-4C15-BDC5-2C54A849FC11}.Debug|Any CPU.Build.0 = Debug|Any CPU
		{785030B6-34AE-4C15-BDC5-2C54A849FC11}.Release|Any CPU.ActiveCfg = Release|Any CPU
		{785030B6-34AE-4C15-BDC5-2C54A849FC11}.Release|Any CPU.Build.0 = Release|Any CPU
		{D73C1616-FFA2-4205-8F7F-2D8716CA0EBB}.Debug|Any CPU.ActiveCfg = Debug|Any CPU
		{D73C1616-FFA2-4205-8F7F-2D8716CA0EBB}.Debug|Any CPU.Build.0 = Debug|Any CPU
		{D73C1616-FFA2-4205-8F7F-2D8716CA0EBB}.Release|Any CPU.ActiveCfg = Release|Any CPU
		{D73C1616-FFA2-4205-8F7F-2D8716CA0EBB}.Release|Any CPU.Build.0 = Release|Any CPU
		{A6663FDE-95EE-4D81-8FE1-0BD8147D558E}.Debug|Any CPU.ActiveCfg = Debug|Any CPU
		{A6663FDE-95EE-4D81-8FE1-0BD8147D558E}.Debug|Any CPU.Build.0 = Debug|Any CPU
		{A6663FDE-95EE-4D81-8FE1-0BD8147D558E}.Release|Any CPU.ActiveCfg = Release|Any CPU
		{A6663FDE-95EE-4D81-8FE1-0BD8147D558E}.Release|Any CPU.Build.0 = Release|Any CPU
		{0316F2DF-675B-4B21-80F1-D75576001B98}.Debug|Any CPU.ActiveCfg = Debug|Any CPU
		{0316F2DF-675B-4B21-80F1-D75576001B98}.Debug|Any CPU.Build.0 = Debug|Any CPU
		{0316F2DF-675B-4B21-80F1-D75576001B98}.Release|Any CPU.ActiveCfg = Release|Any CPU
		{0316F2DF-675B-4B21-80F1-D75576001B98}.Release|Any CPU.Build.0 = Release|Any CPU
	EndGlobalSection
	GlobalSection(SolutionProperties) = preSolution
		HideSolutionNode = FALSE
	EndGlobalSection
	GlobalSection(ExtensibilityGlobals) = postSolution
		SolutionGuid = {C34994F5-CBBF-4BC7-80CB-5C98DD480A48}
	EndGlobalSection
EndGlobal
